
Microsoft Visual Studio Solution File, Format Version 12.00
# Visual Studio Version 17
VisualStudioVersion = 17.9.34511.98
MinimumVisualStudioVersion = 10.0.40219.1
Project("{FAE04EC0-301F-11D3-BF4B-00C04F79EFBC}") = "WindroseFamilyBlog", "WindroseFamilyBlog.csproj", "{251D9BBB-0BDA-4346-83B1-2531A70022A4}"
EndProject
Global
	GlobalSection(SolutionConfigurationPlatforms) = preSolution
		Debug|Any CPU = Debug|Any CPU
		Release|Any CPU = Release|Any CPU
	EndGlobalSection
	GlobalSection(ProjectConfigurationPlatforms) = postSolution
		{251D9BBB-0BDA-4346-83B1-2531A70022A4}.Debug|Any CPU.ActiveCfg = Debug|Any CPU
		{251D9BBB-0BDA-4346-83B1-2531A70022A4}.Debug|Any CPU.Build.0 = Debug|Any CPU
		{251D9BBB-0BDA-4346-83B1-2531A70022A4}.Release|Any CPU.ActiveCfg = Release|Any CPU
		{251D9BBB-0BDA-4346-83B1-2531A70022A4}.Release|Any CPU.Build.0 = Release|Any CPU
	EndGlobalSection
	GlobalSection(SolutionProperties) = preSolution
		HideSolutionNode = FALSE
	EndGlobalSection
	GlobalSection(ExtensibilityGlobals) = postSolution
		SolutionGuid = {CEB345EA-1DF8-49EB-A2E5-2A086E51D669}
	EndGlobalSection
EndGlobal
